
Microsoft Visual Studio Solution File, Format Version 12.00
# Visual Studio Version 17
VisualStudioVersion = 17.11.35303.130
MinimumVisualStudioVersion = 10.0.40219.1
Project("{9A19103F-16F7-4668-BE54-9A1E7A4F7556}") = "UserManagement.Api", "UserManagement.Api\UserManagement.Api.csproj", "{75F6EE85-E9E0-4453-91B8-7D561D0217B2}"
EndProject
Project("{9A19103F-16F7-4668-BE54-9A1E7A4F7556}") = "UserManagement.Domain", "UserManagement.Domain\UserManagement.Domain.csproj", "{08F9F7EB-8294-4593-B4FB-E73F6B795607}"
EndProject
Project("{FAE04EC0-301F-11D3-BF4B-00C04F79EFBC}") = "UserManagement.Application", "UserManagement.Application\UserManagement.Application.csproj", "{78266945-EEC4-4E59-B352-5F4B74468848}"
EndProject
Project("{FAE04EC0-301F-11D3-BF4B-00C04F79EFBC}") = "UserManagement.Infrastructure", "UserManagement.Infrastructure\UserManagement.Infrastructure.csproj", "{2BF3FCC8-864D-429B-AA38-0EC45B4EFCFE}"
EndProject
Global
	GlobalSection(SolutionConfigurationPlatforms) = preSolution
		Debug|Any CPU = Debug|Any CPU
		Release|Any CPU = Release|Any CPU
	EndGlobalSection
	GlobalSection(ProjectConfigurationPlatforms) = postSolution
		{75F6EE85-E9E0-4453-91B8-7D561D0217B2}.Debug|Any CPU.ActiveCfg = Debug|Any CPU
		{75F6EE85-E9E0-4453-91B8-7D561D0217B2}.Debug|Any CPU.Build.0 = Debug|Any CPU
		{75F6EE85-E9E0-4453-91B8-7D561D0217B2}.Release|Any CPU.ActiveCfg = Release|Any CPU
		{75F6EE85-E9E0-4453-91B8-7D561D0217B2}.Release|Any CPU.Build.0 = Release|Any CPU
		{08F9F7EB-8294-4593-B4FB-E73F6B795607}.Debug|Any CPU.ActiveCfg = Debug|Any CPU
		{08F9F7EB-8294-4593-B4FB-E73F6B795607}.Debug|Any CPU.Build.0 = Debug|Any CPU
		{08F9F7EB-8294-4593-B4FB-E73F6B795607}.Release|Any CPU.ActiveCfg = Release|Any CPU
		{08F9F7EB-8294-4593-B4FB-E73F6B795607}.Release|Any CPU.Build.0 = Release|Any CPU
		{78266945-EEC4-4E59-B352-5F4B74468848}.Debug|Any CPU.ActiveCfg = Debug|Any CPU
		{78266945-EEC4-4E59-B352-5F4B74468848}.Debug|Any CPU.Build.0 = Debug|Any CPU
		{78266945-EEC4-4E59-B352-5F4B74468848}.Release|Any CPU.ActiveCfg = Release|Any CPU
		{78266945-EEC4-4E59-B352-5F4B74468848}.Release|Any CPU.Build.0 = Release|Any CPU
		{2BF3FCC8-864D-429B-AA38-0EC45B4EFCFE}.Debug|Any CPU.ActiveCfg = Debug|Any CPU
		{2BF3FCC8-864D-429B-AA38-0EC45B4EFCFE}.Debug|Any CPU.Build.0 = Debug|Any CPU
		{2BF3FCC8-864D-429B-AA38-0EC45B4EFCFE}.Release|Any CPU.ActiveCfg = Release|Any CPU
		{2BF3FCC8-864D-429B-AA38-0EC45B4EFCFE}.Release|Any CPU.Build.0 = Release|Any CPU
	EndGlobalSection
	GlobalSection(SolutionProperties) = preSolution
		HideSolutionNode = FALSE
	EndGlobalSection
	GlobalSection(ExtensibilityGlobals) = postSolution
		SolutionGuid = {53484705-D2D1-40B2-8E5B-DBB0747F31C4}
	EndGlobalSection
EndGlobal
